// !$*UTF8*$!
{
	archiveVersion = 1;
	classes = {
	};
	objectVersion = 46;
	objects = {

/* Begin PBXBuildFile section */
		CEC86F1D1C7379DD0095C133 /* AppDelegate.swift in Sources */ = {isa = PBXBuildFile; fileRef = CEC86F1C1C7379DD0095C133 /* AppDelegate.swift */; };
		CEC86F1F1C7379DD0095C133 /* FirstViewController.swift in Sources */ = {isa = PBXBuildFile; fileRef = CEC86F1E1C7379DD0095C133 /* FirstViewController.swift */; };
		CEC86F211C7379DD0095C133 /* SecondViewController.swift in Sources */ = {isa = PBXBuildFile; fileRef = CEC86F201C7379DD0095C133 /* SecondViewController.swift */; };
		CEC86F241C7379DD0095C133 /* Main.storyboard in Resources */ = {isa = PBXBuildFile; fileRef = CEC86F221C7379DD0095C133 /* Main.storyboard */; };
		CEC86F261C7379DD0095C133 /* Assets.xcassets in Resources */ = {isa = PBXBuildFile; fileRef = CEC86F251C7379DD0095C133 /* Assets.xcassets */; };
		CEC86F291C7379DD0095C133 /* LaunchScreen.storyboard in Resources */ = {isa = PBXBuildFile; fileRef = CEC86F271C7379DD0095C133 /* LaunchScreen.storyboard */; };
/* End PBXBuildFile section */

/* Begin PBXFileReference section */
		CEC86F191C7379DD0095C133 /* Restaurant.app */ = {isa = PBXFileReference; explicitFileType = wrapper.application; includeInIndex = 0; path = Restaurant.app; sourceTree = BUILT_PRODUCTS_DIR; };
		CEC86F1C1C7379DD0095C133 /* AppDelegate.swift */ = {isa = PBXFileReference; lastKnownFileType = sourcecode.swift; path = AppDelegate.swift; sourceTree = "<group>"; };
		CEC86F1E1C7379DD0095C133 /* FirstViewController.swift */ = {isa = PBXFileReference; lastKnownFileType = sourcecode.swift; path = FirstViewController.swift; sourceTree = "<group>"; };
		CEC86F201C7379DD0095C133 /* SecondViewController.swift */ = {isa = PBXFileReference; lastKnownFileType = sourcecode.swift; path = SecondViewController.swift; sourceTree = "<group>"; };
		CEC86F231C7379DD0095C133 /* Base */ = {isa = PBXFileReference; lastKnownFileType = file.storyboard; name = Base; path = Base.lproj/Main.storyboard; sourceTree = "<group>"; };
		CEC86F251C7379DD0095C133 /* Assets.xcassets */ = {isa = PBXFileReference; lastKnownFileType = folder.assetcatalog; path = Assets.xcassets; sourceTree = "<group>"; };
		CEC86F281C7379DD0095C133 /* Base */ = {isa = PBXFileReference; lastKnownFileType = file.storyboard; name = Base; path = Base.lproj/LaunchScreen.storyboard; sourceTree = "<group>"; };
		CEC86F2A1C7379DD0095C133 /* Info.plist */ = {isa = PBXFileReference; lastKnownFileType = text.plist.xml; path = Info.plist; sourceTree = "<group>"; };
/* End PBXFileReference section */

/* Begin PBXFrameworksBuildPhase section */
		CEC86F161C7379DD0095C133 /* Frameworks */ = {
			isa = PBXFrameworksBuildPhase;
			buildActionMask = 2147483647;
			files = (
			);
			runOnlyForDeploymentPostprocessing = 0;
		};
/* End PBXFrameworksBuildPhase section */

/* Begin PBXGroup section */
		CEC86F101C7379DD0095C133 = {
			isa = PBXGroup;
			children = (
				CEC86F1B1C7379DD0095C133 /* Restaurant */,
				CEC86F1A1C7379DD0095C133 /* Products */,
			);
			sourceTree = "<group>";
		};
		CEC86F1A1C7379DD0095C133 /* Products */ = {
			isa = PBXGroup;
			children = (
				CEC86F191C7379DD0095C133 /* Restaurant.app */,
			);
			name = Products;
			sourceTree = "<group>";
		};
		CEC86F1B1C7379DD0095C133 /* Restaurant */ = {
			isa = PBXGroup;
			children = (
				CEC86F1C1C7379DD0095C133 /* AppDelegate.swift */,
				CEC86F1E1C7379DD0095C133 /* FirstViewController.swift */,
				CEC86F201C7379DD0095C133 /* SecondViewController.swift */,
				CEC86F221C7379DD0095C133 /* Main.storyboard */,
				CEC86F251C7379DD0095C133 /* Assets.xcassets */,
				CEC86F271C7379DD0095C133 /* LaunchScreen.storyboard */,
				CEC86F2A1C7379DD0095C133 /* Info.plist */,
			);
			path = Restaurant;
			sourceTree = "<group>";
		};
/* End PBXGroup section */

/* Begin PBXNativeTarget section */
		CEC86F181C7379DD0095C133 /* Restaurant */ = {
			isa = PBXNativeTarget;
			buildConfigurationList = CEC86F2D1C7379DD0095C133 /* Build configuration list for PBXNativeTarget "Restaurant" */;
			buildPhases = (
				CEC86F151C7379DD0095C133 /* Sources */,
				CEC86F161C7379DD0095C133 /* Frameworks */,
				CEC86F171C7379DD0095C133 /* Resources */,
			);
			buildRules = (
			);
			dependencies = (
			);
			name = Restaurant;
			productName = Restaurant;
			productReference = CEC86F191C7379DD0095C133 /* Restaurant.app */;
			productType = "com.apple.product-type.application";
		};
/* End PBXNativeTarget section */

/* Begin PBXProject section */
		CEC86F111C7379DD0095C133 /* Project object */ = {
			isa = PBXProject;
			attributes = {
				LastSwiftUpdateCheck = 0730;
				LastUpgradeCheck = 0730;
				ORGANIZATIONNAME = Imsi;
				TargetAttributes = {
					CEC86F181C7379DD0095C133 = {
						CreatedOnToolsVersion = 7.3;
					};
				};
			};
			buildConfigurationList = CEC86F141C7379DD0095C133 /* Build configuration list for PBXProject "Restaurant" */;
			compatibilityVersion = "Xcode 3.2";
			developmentRegion = English;
			hasScannedForEncodings = 0;
			knownRegions = (
				en,
				Base,
			);
			mainGroup = CEC86F101C7379DD0095C133;
			productRefGroup = CEC86F1A1C7379DD0095C133 /* Products */;
			projectDirPath = "";
			projectRoot = "";
			targets = (
				CEC86F181C7379DD0095C133 /* Restaurant */,
			);
		};
/* End PBXProject section */

/* Begin PBXResourcesBuildPhase section */
		CEC86F171C7379DD0095C133 /* Resources */ = {
			isa = PBXResourcesBuildPhase;
			buildActionMask = 2147483647;
			files = (
				CEC86F291C7379DD0095C133 /* LaunchScreen.storyboard in Resources */,
				CEC86F261C7379DD0095C133 /* Assets.xcassets in Resources */,
				CEC86F241C7379DD0095C133 /* Main.storyboard in Resources */,
			);
			runOnlyForDeploymentPostprocessing = 0;
		};
/* End PBXResourcesBuildPhase section */

/* Begin PBXSourcesBuildPhase section */
		CEC86F151C7379DD0095C133 /* Sources */ = {
			isa = PBXSourcesBuildPhase;
			buildActionMask = 2147483647;
			files = (
				CEC86F211C7379DD0095C133 /* SecondViewController.swift in Sources */,
				CEC86F1D1C7379DD0095C133 /* AppDelegate.swift in Sources */,
				CEC86F1F1C7379DD0095C133 /* FirstViewController.swift in Sources */,
			);
			runOnlyForDeploymentPostprocessing = 0;
		};
/* End PBXSourcesBuildPhase section */

/* Begin PBXVariantGroup section */
		CEC86F221C7379DD0095C133 /* Main.storyboard */ = {
			isa = PBXVariantGroup;
			children = (
				CEC86F231C7379DD0095C133 /* Base */,
			);
			name = Main.storyboard;
			sourceTree = "<group>";
		};
		CEC86F271C7379DD0095C133 /* LaunchScreen.storyboard */ = {
			isa = PBXVariantGroup;
			children = (
				CEC86F281C7379DD0095C133 /* Base */,
			);
			name = LaunchScreen.storyboard;
			sourceTree = "<group>";
		};
/* End PBXVariantGroup section */

/* Begin XCBuildConfiguration section */
		CEC86F2B1C7379DD0095C133 /* Debug */ = {
			isa = XCBuildConfiguration;
			buildSettings = {
				ALWAYS_SEARCH_USER_PATHS = NO;
				CLANG_ANALYZER_NONNULL = YES;
				CLANG_CXX_LANGUAGE_STANDARD = "gnu++0x";
				CLANG_CXX_LIBRARY = "libc++";
				CLANG_ENABLE_MODULES = YES;
				CLANG_ENABLE_OBJC_ARC = YES;
				CLANG_WARN_BOOL_CONVERSION = YES;
				CLANG_WARN_CONSTANT_CONVERSION = YES;
				CLANG_WARN_DIRECT_OBJC_ISA_USAGE = YES_ERROR;
				CLANG_WARN_EMPTY_BODY = YES;
				CLANG_WARN_ENUM_CONVERSION = YES;
				CLANG_WARN_INT_CONVERSION = YES;
				CLANG_WARN_OBJC_ROOT_CLASS = YES_ERROR;
				CLANG_WARN_UNREACHABLE_CODE = YES;
				CLANG_WARN__DUPLICATE_METHOD_MATCH = YES;
				"CODE_SIGN_IDENTITY[sdk=iphoneos*]" = "iPhone Developer";
				COPY_PHASE_STRIP = NO;
				DEBUG_INFORMATION_FORMAT = dwarf;
				ENABLE_STRICT_OBJC_MSGSEND = YES;
				ENABLE_TESTABILITY = YES;
				GCC_C_LANGUAGE_STANDARD = gnu99;
				GCC_DYNAMIC_NO_PIC = NO;
				GCC_NO_COMMON_BLOCKS = YES;
				GCC_OPTIMIZATION_LEVEL = 0;
				GCC_PREPROCESSOR_DEFINITIONS = (
					"DEBUG=1",
					"$(inherited)",
				);
				GCC_WARN_64_TO_32_BIT_CONVERSION = YES;
				GCC_WARN_ABOUT_RETURN_TYPE = YES_ERROR;
				GCC_WARN_UNDECLARED_SELECTOR = YES;
				GCC_WARN_UNINITIALIZED_AUTOS = YES_AGGRESSIVE;
				GCC_WARN_UNUSED_FUNCTION = YES;
				GCC_WARN_UNUSED_VARIABLE = YES;
				IPHONEOS_DEPLOYMENT_TARGET = 9.3;
				MTL_ENABLE_DEBUG_INFO = YES;
				ONLY_ACTIVE_ARCH = YES;
				SDKROOT = iphoneos;
				SWIFT_OPTIMIZATION_LEVEL = "-Onone";
			};
			name = Debug;
		};
		CEC86F2C1C7379DD0095C133 /* Release */ = {
			isa = XCBuildConfiguration;
			buildSettings = {
				ALWAYS_SEARCH_USER_PATHS = NO;
				CLANG_ANALYZER_NONNULL = YES;
				CLANG_CXX_LANGUAGE_STANDARD = "gnu++0x";
				CLANG_CXX_LIBRARY = "libc++";
				CLANG_ENABLE_MODULES = YES;
				CLANG_ENABLE_OBJC_ARC = YES;
				CLANG_WARN_BOOL_CONVERSION = YES;
				CLANG_WARN_CONSTANT_CONVERSION = YES;
				CLANG_WARN_DIRECT_OBJC_ISA_USAGE = YES_ERROR;
				CLANG_WARN_EMPTY_BODY = YES;
				CLANG_WARN_ENUM_CONVERSION = YES;
				CLANG_WARN_INT_CONVERSION = YES;
				CLANG_WARN_OBJC_ROOT_CLASS = YES_ERROR;
				CLANG_WARN_UNREACHABLE_CODE = YES;
				CLANG_WARN__DUPLICATE_METHOD_MATCH = YES;
				"CODE_SIGN_IDENTITY[sdk=iphoneos*]" = "iPhone Developer";
				COPY_PHASE_STRIP = NO;
				DEBUG_INFORMATION_FORMAT = "dwarf-with-dsym";
				ENABLE_NS_ASSERTIONS = NO;
				ENABLE_STRICT_OBJC_MSGSEND = YES;
				GCC_C_LANGUAGE_STANDARD = gnu99;
				GCC_NO_COMMON_BLOCKS = YES;
				GCC_WARN_64_TO_32_BIT_CONVERSION = YES;
				GCC_WARN_ABOUT_RETURN_TYPE = YES_ERROR;
				GCC_WARN_UNDECLARED_SELECTOR = YES;
				GCC_WARN_UNINITIALIZED_AUTOS = YES_AGGRESSIVE;
				GCC_WARN_UNUSED_FUNCTION = YES;
				GCC_WARN_UNUSED_VARIABLE = YES;
				IPHONEOS_DEPLOYMENT_TARGET = 9.3;
				MTL_ENABLE_DEBUG_INFO = NO;
				SDKROOT = iphoneos;
				VALIDATE_PRODUCT = YES;
			};
			name = Release;
		};
		CEC86F2E1C7379DD0095C133 /* Debug */ = {
			isa = XCBuildConfiguration;
			buildSettings = {
				ASSETCATALOG_COMPILER_APPICON_NAME = AppIcon;
				INFOPLIST_FILE = Restaurant/Info.plist;
				LD_RUNPATH_SEARCH_PATHS = "$(inherited) @executable_path/Frameworks";
				PRODUCT_BUNDLE_IDENTIFIER = com.imsi.Restaurant;
				PRODUCT_NAME = "$(TARGET_NAME)";
			};
			name = Debug;
		};
		CEC86F2F1C7379DD0095C133 /* Release */ = {
			isa = XCBuildConfiguration;
			buildSettings = {
				ASSETCATALOG_COMPILER_APPICON_NAME = AppIcon;
				INFOPLIST_FILE = Restaurant/Info.plist;
				LD_RUNPATH_SEARCH_PATHS = "$(inherited) @executable_path/Frameworks";
				PRODUCT_BUNDLE_IDENTIFIER = com.imsi.Restaurant;
				PRODUCT_NAME = "$(TARGET_NAME)";
			};
			name = Release;
		};
/* End XCBuildConfiguration section */

/* Begin XCConfigurationList section */
		CEC86F141C7379DD0095C133 /* Build configuration list for PBXProject "Restaurant" */ = {
			isa = XCConfigurationList;
			buildConfigurations = (
				CEC86F2B1C7379DD0095C133 /* Debug */,
				CEC86F2C1C7379DD0095C133 /* Release */,
			);
			defaultConfigurationIsVisible = 0;
			defaultConfigurationName = Release;
		};
		CEC86F2D1C7379DD0095C133 /* Build configuration list for PBXNativeTarget "Restaurant" */ = {
			isa = XCConfigurationList;
			buildConfigurations = (
				CEC86F2E1C7379DD0095C133 /* Debug */,
				CEC86F2F1C7379DD0095C133 /* Release */,
			);
			defaultConfigurationIsVisible = 0;
		};
/* End XCConfigurationList section */
	};
	rootObject = CEC86F111C7379DD0095C133 /* Project object */;
}
